
Microsoft Visual Studio Solution File, Format Version 12.00
# Visual Studio Version 16
VisualStudioVersion = 16.0.31019.35
MinimumVisualStudioVersion = 10.0.40219.1
Project("{FAE04EC0-301F-11D3-BF4B-00C04F79EFBC}") = "TiendaEjemplo", "TiendaEjemplo.csproj", "{E36AA9CD-0798-43B5-A608-8E5B4B9499D5}"
EndProject
Global
	GlobalSection(SolutionConfigurationPlatforms) = preSolution
		Debug|Any CPU = Debug|Any CPU
		Release|Any CPU = Release|Any CPU
	EndGlobalSection
	GlobalSection(ProjectConfigurationPlatforms) = postSolution
		{E36AA9CD-0798-43B5-A608-8E5B4B9499D5}.Debug|Any CPU.ActiveCfg = Debug|Any CPU
		{E36AA9CD-0798-43B5-A608-8E5B4B9499D5}.Debug|Any CPU.Build.0 = Debug|Any CPU
		{E36AA9CD-0798-43B5-A608-8E5B4B9499D5}.Release|Any CPU.ActiveCfg = Release|Any CPU
		{E36AA9CD-0798-43B5-A608-8E5B4B9499D5}.Release|Any CPU.Build.0 = Release|Any CPU
	EndGlobalSection
	GlobalSection(SolutionProperties) = preSolution
		HideSolutionNode = FALSE
	EndGlobalSection
	GlobalSection(ExtensibilityGlobals) = postSolution
		SolutionGuid = {0F4D4D57-FF98-4572-BBB7-C82B8B5FEAC1}
	EndGlobalSection
EndGlobal
